{
  "name": "webapp",
  "version": "1.0.0",
  "lockfileVersion": 1,
  "requires": true,
  "dependencies": {
    "@fortawesome/fontawesome-free": {
      "version": "5.15.1",
      "resolved": "https://registry.npmjs.org/@fortawesome/fontawesome-free/-/fontawesome-free-5.15.1.tgz",
      "integrity": "sha512-OEdH7SyC1suTdhBGW91/zBfR6qaIhThbcN8PUXtXilY4GYnSBbVqOntdHbC1vXwsDnX0Qix2m2+DSU1J51ybOQ=="
    },
    "@sweetalert2/theme-dark": {
      "version": "4.0.1",
      "resolved": "https://registry.npmjs.org/@sweetalert2/theme-dark/-/theme-dark-4.0.1.tgz",
      "integrity": "sha512-GBDG2o2uhxXrRploARkrLdytmLk7qjbMbpIlRtYqcOiRbtWmogTzs27759h9B2723qBck8gX9TmSCpZDkXk2RQ=="
    },
    "@toast-ui/editor": {
      "version": "2.5.1",
      "resolved": "https://registry.npmjs.org/@toast-ui/editor/-/editor-2.5.1.tgz",
      "integrity": "sha512-LVNo/YaNItUemEaRFvFAVn7w/0U7yxEheMdn6GEGxqo727rRZD1MH7OTDVq6NeQ+P93VwFpa0i9GGRBhNNEbPQ==",
      "requires": {
        "@types/codemirror": "0.0.71",
        "codemirror": "^5.48.4"
      }
    },
    "@types/codemirror": {
      "version": "0.0.71",
      "resolved": "https://registry.npmjs.org/@types/codemirror/-/codemirror-0.0.71.tgz",
      "integrity": "sha512-b2oEEnno1LIGKMR7uBEsr40al1UijF1HEpRn0+Yf1xOLl24iQgB7DBpZVMM7y54G5wCNoclDrRO65E6KHPNO2w==",
      "requires": {
        "@types/tern": "*"
      }
    },
    "@types/estree": {
      "version": "0.0.45",
      "resolved": "https://registry.npmjs.org/@types/estree/-/estree-0.0.45.tgz",
      "integrity": "sha512-jnqIUKDUqJbDIUxm0Uj7bnlMnRm1T/eZ9N+AVMqhPgzrba2GhGG5o/jCTwmdPK709nEZsGoMzXEDUjcXHa3W0g=="
    },
    "@types/tern": {
      "version": "0.23.3",
      "resolved": "https://registry.npmjs.org/@types/tern/-/tern-0.23.3.tgz",
      "integrity": "sha512-imDtS4TAoTcXk0g7u4kkWqedB3E4qpjXzCpD2LU5M5NAXHzCDsypyvXSaG7mM8DKYkCRa7tFp4tS/lp/Wo7Q3w==",
      "requires": {
        "@types/estree": "*"
      }
    },
    "bootstrap": {
      "version": "5.0.0-beta1",
      "resolved": "https://registry.npmjs.org/bootstrap/-/bootstrap-5.0.0-beta1.tgz",
      "integrity": "sha512-UrHApw/WRmT7l2rlDdn5iXr7Jps/LlMZtJlLn9G41aGDfss48hyDeYyHtX1C6NHKVcmdUarGG+ve0LZB5iHyTQ=="
    },
    "codemirror": {
      "version": "5.59.0",
      "resolved": "https://registry.npmjs.org/codemirror/-/codemirror-5.59.0.tgz",
      "integrity": "sha512-UGzSkCacY9z0rSpQ3wnTWRN2nvRE6foDXnJltWW8pazInR/R+3gXHrao4IFQMv/bSBvFBxt8/HPpkpKAS54x5Q=="
    },
    "es6-object-assign": {
      "version": "1.1.0",
      "resolved": "https://registry.npmjs.org/es6-object-assign/-/es6-object-assign-1.1.0.tgz",
      "integrity": "sha1-wsNYJlYkfDnqEHyx5mUrb58kUjw="
    },
    "handlebars": {
      "version": "4.7.6",
      "resolved": "https://registry.npmjs.org/handlebars/-/handlebars-4.7.6.tgz",
      "integrity": "sha512-1f2BACcBfiwAfStCKZNrUCgqNZkGsAT7UM3kkYtXuLo0KnaVfjKOyf7PRzB6++aK9STyT1Pd2ZCPe3EGOXleXA==",
      "requires": {
        "minimist": "^1.2.5",
        "neo-async": "^2.6.0",
        "source-map": "^0.6.1",
        "uglify-js": "^3.1.4",
        "wordwrap": "^1.0.0"
      }
    },
    "jquery": {
      "version": "3.5.1",
      "resolved": "https://registry.npmjs.org/jquery/-/jquery-3.5.1.tgz",
      "integrity": "sha512-XwIBPqcMn57FxfT+Go5pzySnm4KWkT1Tv7gjrpT1srtf8Weynl6R273VJ5GjkRb51IzMp5nbaPjJXMWeju2MKg=="
    },
    "jquery-ui": {
      "version": "1.12.1",
      "resolved": "https://registry.npmjs.org/jquery-ui/-/jquery-ui-1.12.1.tgz",
      "integrity": "sha1-vLQEXI3QU5wTS8FIjN0+dop6nlE="
    },
    "minimist": {
      "version": "1.2.5",
      "resolved": "https://registry.npmjs.org/minimist/-/minimist-1.2.5.tgz",
      "integrity": "sha512-FM9nNUYrRBAELZQT3xeZQ7fmMOBg6nWNmJKTcgsJeaLstP/UODVpGsr5OhXhhXg6f+qtJ8uiZ+PUxkDWcgIXLw=="
    },
    "neo-async": {
      "version": "2.6.2",
      "resolved": "https://registry.npmjs.org/neo-async/-/neo-async-2.6.2.tgz",
      "integrity": "sha512-Yd3UES5mWCSqR+qNT93S3UoYUkqAZ9lLg8a7g9rimsWmYGK8cVToA4/sF3RrshdyV3sAGMXVUmpMYOw+dLpOuw=="
    },
    "promise-polyfill": {
      "version": "6.1.0",
      "resolved": "https://registry.npmjs.org/promise-polyfill/-/promise-polyfill-6.1.0.tgz",
      "integrity": "sha1-36lpQ+qcEh/KTem1hoyznTRy4Fc="
    },
    "source-map": {
      "version": "0.6.1",
      "resolved": "https://registry.npmjs.org/source-map/-/source-map-0.6.1.tgz",
      "integrity": "sha512-UjgapumWlbMhkBgzT7Ykc5YXUT46F0iKu8SGXq0bcwP5dz/h0Plj6enJqjz1Zbq2l5WaqYnrVbwWOWMyF3F47g=="
    },
    "sweetalert": {
      "version": "2.1.2",
      "resolved": "https://registry.npmjs.org/sweetalert/-/sweetalert-2.1.2.tgz",
      "integrity": "sha512-iWx7X4anRBNDa/a+AdTmvAzQtkN1+s4j/JJRWlHpYE8Qimkohs8/XnFcWeYHH2lMA8LRCa5tj2d244If3S/hzA==",
      "requires": {
        "es6-object-assign": "^1.1.0",
        "promise-polyfill": "^6.0.2"
      }
    },
    "sweetalert2": {
      "version": "10.12.3",
      "resolved": "https://registry.npmjs.org/sweetalert2/-/sweetalert2-10.12.3.tgz",
      "integrity": "sha512-9TNCoWo44rbPBMDTKAq1cSIzY6aucfg4BoGC+BdWY+z6cq+DKShd+bJ0Gp/0nWkxBs/RYOkWM1cvWwdHh4erEA=="
    },
    "uglify-js": {
      "version": "3.12.3",
      "resolved": "https://registry.npmjs.org/uglify-js/-/uglify-js-3.12.3.tgz",
      "integrity": "sha512-feZzR+kIcSVuLi3s/0x0b2Tx4Iokwqt+8PJM7yRHKuldg4MLdam4TCFeICv+lgDtuYiCtdmrtIP+uN9LWvDasw==",
      "optional": true
    },
    "wordwrap": {
      "version": "1.0.0",
      "resolved": "https://registry.npmjs.org/wordwrap/-/wordwrap-1.0.0.tgz",
      "integrity": "sha1-J1hIEIkUVqQXHI0CJkQa3pDLyus="
    }
  }
}
